
Microsoft Visual Studio Solution File, Format Version 12.00
Project("{F2A71F9B-5D33-465A-A702-920D77279786}") = "GetBlockchainWorkbenchCredentials", "GetBlockchainWorkbenchCredentials\GetBlockchainWorkbenchCredentials.fsproj", "{2C3FC47F-A16B-4695-A815-31C2FED5255C}"
EndProject
Global
	GlobalSection(SolutionConfigurationPlatforms) = preSolution
		Debug|Any CPU = Debug|Any CPU
		Release|Any CPU = Release|Any CPU
	EndGlobalSection
	GlobalSection(ProjectConfigurationPlatforms) = postSolution
		{2C3FC47F-A16B-4695-A815-31C2FED5255C}.Debug|Any CPU.ActiveCfg = Debug|Any CPU
		{2C3FC47F-A16B-4695-A815-31C2FED5255C}.Debug|Any CPU.Build.0 = Debug|Any CPU
		{2C3FC47F-A16B-4695-A815-31C2FED5255C}.Release|Any CPU.ActiveCfg = Release|Any CPU
		{2C3FC47F-A16B-4695-A815-31C2FED5255C}.Release|Any CPU.Build.0 = Release|Any CPU
	EndGlobalSection
EndGlobal
